
Microsoft Visual Studio Solution File, Format Version 12.00
# Visual Studio Version 17
VisualStudioVersion = 17.9.34728.123
MinimumVisualStudioVersion = 10.0.40219.1
Project("{FAE04EC0-301F-11D3-BF4B-00C04F79EFBC}") = "MergeStringsAlternately", "MergeStringsAlternately.csproj", "{D0F30F2C-C226-449C-A258-7BD81393D131}"
EndProject
Global
	GlobalSection(SolutionConfigurationPlatforms) = preSolution
		Debug|Any CPU = Debug|Any CPU
		Release|Any CPU = Release|Any CPU
	EndGlobalSection
	GlobalSection(ProjectConfigurationPlatforms) = postSolution
		{D0F30F2C-C226-449C-A258-7BD81393D131}.Debug|Any CPU.ActiveCfg = Debug|Any CPU
		{D0F30F2C-C226-449C-A258-7BD81393D131}.Debug|Any CPU.Build.0 = Debug|Any CPU
		{D0F30F2C-C226-449C-A258-7BD81393D131}.Release|Any CPU.ActiveCfg = Release|Any CPU
		{D0F30F2C-C226-449C-A258-7BD81393D131}.Release|Any CPU.Build.0 = Release|Any CPU
	EndGlobalSection
	GlobalSection(SolutionProperties) = preSolution
		HideSolutionNode = FALSE
	EndGlobalSection
	GlobalSection(ExtensibilityGlobals) = postSolution
		SolutionGuid = {B32D4B7D-E2B1-4E73-A1D8-B036A15D6A17}
	EndGlobalSection
EndGlobal
